
Microsoft Visual Studio Solution File, Format Version 12.00
# Visual Studio Version 17
VisualStudioVersion = 17.3.32825.248
MinimumVisualStudioVersion = 10.0.40219.1
Project("{9A19103F-16F7-4668-BE54-9A1E7A4F7556}") = "HelloWpf", "HelloWpf\HelloWpf.csproj", "{CB009AF3-3C23-46F2-A881-188F48662C4D}"
EndProject
Project("{9A19103F-16F7-4668-BE54-9A1E7A4F7556}") = "HelloWorldWithStaticResources", "HelloWorldWithStaticResources\HelloWorldWithStaticResources.csproj", "{6440D869-E924-4776-97F6-85A2ADE017D8}"
EndProject
Project("{9A19103F-16F7-4668-BE54-9A1E7A4F7556}") = "ExtendedResourceSample", "ExtendedResourceSample\ExtendedResourceSample.csproj", "{93B2E5D6-46C0-4ECE-A7BF-6CCAAB4B0F73}"
EndProject
Project("{9A19103F-16F7-4668-BE54-9A1E7A4F7556}") = "ResourcesFromCodeBehind", "ResourcesFromCodeBehind\ResourcesFromCodeBehind.csproj", "{43FE8251-20C7-4494-BA5A-63C02FEE987F}"
EndProject
Project("{9A19103F-16F7-4668-BE54-9A1E7A4F7556}") = "ExceptionHandlingSample", "ExceptionHandlingSample\ExceptionHandlingSample.csproj", "{C57A0786-8E2F-4565-91D7-2D44FA7A9AA3}"
EndProject
Project("{9A19103F-16F7-4668-BE54-9A1E7A4F7556}") = "ApplicationCultureSwitchSample", "ApplicationCultureSwitchSample\ApplicationCultureSwitchSample.csproj", "{09AB275E-C6E1-4A7C-B73C-0DA1F3B8757B}"
EndProject
Project("{9A19103F-16F7-4668-BE54-9A1E7A4F7556}") = "TextBlockSample", "TextBlockSample\TextBlockSample.csproj", "{83A58331-5D55-4C74-8FAE-5AEFD57C0C98}"
EndProject
Project("{FAE04EC0-301F-11D3-BF4B-00C04F79EFBC}") = "TextBlockInlineSample", "TextBlockInlineSample\TextBlockInlineSample.csproj", "{D91F88B3-6A55-4AC2-8F09-BECB1CADA8E8}"
EndProject
Project("{FAE04EC0-301F-11D3-BF4B-00C04F79EFBC}") = "TextBlockHyperlinkSample", "TextBlockHyperlinkSample\TextBlockHyperlinkSample.csproj", "{2A1E2634-CD07-42D1-B1C0-0E5B92B8922C}"
EndProject
Project("{FAE04EC0-301F-11D3-BF4B-00C04F79EFBC}") = "TextBlockSpanSample", "TextBlockSpanSample\TextBlockSpanSample.csproj", "{F1472F52-9FC2-453E-B266-9DE61ED737E5}"
EndProject
Project("{FAE04EC0-301F-11D3-BF4B-00C04F79EFBC}") = "TextBlockCodeBehindSample", "TextBlockCodeBehindSample\TextBlockCodeBehindSample.csproj", "{EDD1ACEC-49C2-4E28-B18F-010611327C2A}"
EndProject
Project("{FAE04EC0-301F-11D3-BF4B-00C04F79EFBC}") = "LabelControlSample", "LabelControlSample\LabelControlSample.csproj", "{95CD0AFB-2711-4DDB-9B66-F7A6D835E141}"
EndProject
Global
	GlobalSection(SolutionConfigurationPlatforms) = preSolution
		Debug|Any CPU = Debug|Any CPU
		Release|Any CPU = Release|Any CPU
	EndGlobalSection
	GlobalSection(ProjectConfigurationPlatforms) = postSolution
		{CB009AF3-3C23-46F2-A881-188F48662C4D}.Debug|Any CPU.ActiveCfg = Debug|Any CPU
		{CB009AF3-3C23-46F2-A881-188F48662C4D}.Debug|Any CPU.Build.0 = Debug|Any CPU
		{CB009AF3-3C23-46F2-A881-188F48662C4D}.Release|Any CPU.ActiveCfg = Release|Any CPU
		{CB009AF3-3C23-46F2-A881-188F48662C4D}.Release|Any CPU.Build.0 = Release|Any CPU
		{6440D869-E924-4776-97F6-85A2ADE017D8}.Debug|Any CPU.ActiveCfg = Debug|Any CPU
		{6440D869-E924-4776-97F6-85A2ADE017D8}.Debug|Any CPU.Build.0 = Debug|Any CPU
		{6440D869-E924-4776-97F6-85A2ADE017D8}.Release|Any CPU.ActiveCfg = Release|Any CPU
		{6440D869-E924-4776-97F6-85A2ADE017D8}.Release|Any CPU.Build.0 = Release|Any CPU
		{93B2E5D6-46C0-4ECE-A7BF-6CCAAB4B0F73}.Debug|Any CPU.ActiveCfg = Debug|Any CPU
		{93B2E5D6-46C0-4ECE-A7BF-6CCAAB4B0F73}.Debug|Any CPU.Build.0 = Debug|Any CPU
		{93B2E5D6-46C0-4ECE-A7BF-6CCAAB4B0F73}.Release|Any CPU.ActiveCfg = Release|Any CPU
		{93B2E5D6-46C0-4ECE-A7BF-6CCAAB4B0F73}.Release|Any CPU.Build.0 = Release|Any CPU
		{43FE8251-20C7-4494-BA5A-63C02FEE987F}.Debug|Any CPU.ActiveCfg = Debug|Any CPU
		{43FE8251-20C7-4494-BA5A-63C02FEE987F}.Debug|Any CPU.Build.0 = Debug|Any CPU
		{43FE8251-20C7-4494-BA5A-63C02FEE987F}.Release|Any CPU.ActiveCfg = Release|Any CPU
		{43FE8251-20C7-4494-BA5A-63C02FEE987F}.Release|Any CPU.Build.0 = Release|Any CPU
		{C57A0786-8E2F-4565-91D7-2D44FA7A9AA3}.Debug|Any CPU.ActiveCfg = Debug|Any CPU
		{C57A0786-8E2F-4565-91D7-2D44FA7A9AA3}.Debug|Any CPU.Build.0 = Debug|Any CPU
		{C57A0786-8E2F-4565-91D7-2D44FA7A9AA3}.Release|Any CPU.ActiveCfg = Release|Any CPU
		{C57A0786-8E2F-4565-91D7-2D44FA7A9AA3}.Release|Any CPU.Build.0 = Release|Any CPU
		{09AB275E-C6E1-4A7C-B73C-0DA1F3B8757B}.Debug|Any CPU.ActiveCfg = Debug|Any CPU
		{09AB275E-C6E1-4A7C-B73C-0DA1F3B8757B}.Debug|Any CPU.Build.0 = Debug|Any CPU
		{09AB275E-C6E1-4A7C-B73C-0DA1F3B8757B}.Release|Any CPU.ActiveCfg = Release|Any CPU
		{09AB275E-C6E1-4A7C-B73C-0DA1F3B8757B}.Release|Any CPU.Build.0 = Release|Any CPU
		{83A58331-5D55-4C74-8FAE-5AEFD57C0C98}.Debug|Any CPU.ActiveCfg = Debug|Any CPU
		{83A58331-5D55-4C74-8FAE-5AEFD57C0C98}.Debug|Any CPU.Build.0 = Debug|Any CPU
		{83A58331-5D55-4C74-8FAE-5AEFD57C0C98}.Release|Any CPU.ActiveCfg = Release|Any CPU
		{83A58331-5D55-4C74-8FAE-5AEFD57C0C98}.Release|Any CPU.Build.0 = Release|Any CPU
		{D91F88B3-6A55-4AC2-8F09-BECB1CADA8E8}.Debug|Any CPU.ActiveCfg = Debug|Any CPU
		{D91F88B3-6A55-4AC2-8F09-BECB1CADA8E8}.Debug|Any CPU.Build.0 = Debug|Any CPU
		{D91F88B3-6A55-4AC2-8F09-BECB1CADA8E8}.Release|Any CPU.ActiveCfg = Release|Any CPU
		{D91F88B3-6A55-4AC2-8F09-BECB1CADA8E8}.Release|Any CPU.Build.0 = Release|Any CPU
		{2A1E2634-CD07-42D1-B1C0-0E5B92B8922C}.Debug|Any CPU.ActiveCfg = Debug|Any CPU
		{2A1E2634-CD07-42D1-B1C0-0E5B92B8922C}.Debug|Any CPU.Build.0 = Debug|Any CPU
		{2A1E2634-CD07-42D1-B1C0-0E5B92B8922C}.Release|Any CPU.ActiveCfg = Release|Any CPU
		{2A1E2634-CD07-42D1-B1C0-0E5B92B8922C}.Release|Any CPU.Build.0 = Release|Any CPU
		{F1472F52-9FC2-453E-B266-9DE61ED737E5}.Debug|Any CPU.ActiveCfg = Debug|Any CPU
		{F1472F52-9FC2-453E-B266-9DE61ED737E5}.Debug|Any CPU.Build.0 = Debug|Any CPU
		{F1472F52-9FC2-453E-B266-9DE61ED737E5}.Release|Any CPU.ActiveCfg = Release|Any CPU
		{F1472F52-9FC2-453E-B266-9DE61ED737E5}.Release|Any CPU.Build.0 = Release|Any CPU
		{EDD1ACEC-49C2-4E28-B18F-010611327C2A}.Debug|Any CPU.ActiveCfg = Debug|Any CPU
		{EDD1ACEC-49C2-4E28-B18F-010611327C2A}.Debug|Any CPU.Build.0 = Debug|Any CPU
		{EDD1ACEC-49C2-4E28-B18F-010611327C2A}.Release|Any CPU.ActiveCfg = Release|Any CPU
		{EDD1ACEC-49C2-4E28-B18F-010611327C2A}.Release|Any CPU.Build.0 = Release|Any CPU
		{95CD0AFB-2711-4DDB-9B66-F7A6D835E141}.Debug|Any CPU.ActiveCfg = Debug|Any CPU
		{95CD0AFB-2711-4DDB-9B66-F7A6D835E141}.Debug|Any CPU.Build.0 = Debug|Any CPU
		{95CD0AFB-2711-4DDB-9B66-F7A6D835E141}.Release|Any CPU.ActiveCfg = Release|Any CPU
		{95CD0AFB-2711-4DDB-9B66-F7A6D835E141}.Release|Any CPU.Build.0 = Release|Any CPU
	EndGlobalSection
	GlobalSection(SolutionProperties) = preSolution
		HideSolutionNode = FALSE
	EndGlobalSection
	GlobalSection(ExtensibilityGlobals) = postSolution
		SolutionGuid = {3F8C7815-AB9F-4763-B5DE-CEC04B4BE228}
	EndGlobalSection
EndGlobal
